
Microsoft Visual Studio Solution File, Format Version 12.00
# Visual Studio Version 17
VisualStudioVersion = 17.7.34202.233
MinimumVisualStudioVersion = 10.0.40219.1
Project("{FAE04EC0-301F-11D3-BF4B-00C04F79EFBC}") = "BooksRESTforCD", "BooksRESTforCD\BooksRESTforCD.csproj", "{109DFE19-9A64-40FD-A4F7-6C98E0D1E5E0}"
EndProject
Project("{FAE04EC0-301F-11D3-BF4B-00C04F79EFBC}") = "BooksRESTforCDTests", "BooksRESTforCDTests\BooksRESTforCDTests.csproj", "{778E82B5-1B55-4CCD-B68F-C3A1ACCE28ED}"
EndProject
Global
	GlobalSection(SolutionConfigurationPlatforms) = preSolution
		Debug|Any CPU = Debug|Any CPU
		Release|Any CPU = Release|Any CPU
	EndGlobalSection
	GlobalSection(ProjectConfigurationPlatforms) = postSolution
		{109DFE19-9A64-40FD-A4F7-6C98E0D1E5E0}.Debug|Any CPU.ActiveCfg = Debug|Any CPU
		{109DFE19-9A64-40FD-A4F7-6C98E0D1E5E0}.Debug|Any CPU.Build.0 = Debug|Any CPU
		{109DFE19-9A64-40FD-A4F7-6C98E0D1E5E0}.Release|Any CPU.ActiveCfg = Release|Any CPU
		{109DFE19-9A64-40FD-A4F7-6C98E0D1E5E0}.Release|Any CPU.Build.0 = Release|Any CPU
		{778E82B5-1B55-4CCD-B68F-C3A1ACCE28ED}.Debug|Any CPU.ActiveCfg = Debug|Any CPU
		{778E82B5-1B55-4CCD-B68F-C3A1ACCE28ED}.Debug|Any CPU.Build.0 = Debug|Any CPU
		{778E82B5-1B55-4CCD-B68F-C3A1ACCE28ED}.Release|Any CPU.ActiveCfg = Release|Any CPU
		{778E82B5-1B55-4CCD-B68F-C3A1ACCE28ED}.Release|Any CPU.Build.0 = Release|Any CPU
	EndGlobalSection
	GlobalSection(SolutionProperties) = preSolution
		HideSolutionNode = FALSE
	EndGlobalSection
	GlobalSection(ExtensibilityGlobals) = postSolution
		SolutionGuid = {CE4E3058-B2B2-4203-A518-85C1F8180922}
	EndGlobalSection
EndGlobal
